{
  "version": "5",
  "specifiers": {
    "jsr:@std/async@^1.0.13": "1.0.13",
    "jsr:@std/cli@^1.0.19": "1.0.19",
    "jsr:@std/collections@^1.1.1": "1.1.1",
    "jsr:@std/encoding@^1.0.10": "1.0.10",
    "jsr:@std/path@^1.1.0": "1.1.0",
    "npm:@ruffle-rs/ruffle@0.2.0-nightly.2025.8.26": "0.2.0-nightly.2025.8.26",
    "npm:autoprefixer@^10.4.20": "10.4.21_postcss@8.5.4",
    "npm:autosize@^6.0.1": "6.0.1",
    "npm:esbuild@~0.25.10": "0.25.10",
    "npm:postcss@^8.5.4": "8.5.4",
    "npm:sass-embedded@^1.89.1": "1.89.1"
  },
  "jsr": {
    "@std/async@1.0.13": {
      "integrity": "1d76ca5d324aef249908f7f7fe0d39aaf53198e5420604a59ab5c035adc97c96"
    },
    "@std/cli@1.0.19": {
      "integrity": "b3601a54891f89f3f738023af11960c4e6f7a45dc76cde39a6861124cba79e88"
    },
    "@std/collections@1.1.1": {
      "integrity": "eff6443fbd9d5a6697018fb39c5d13d5f662f0045f21392d640693d0008ab2af"
    },
    "@std/encoding@1.0.10": {
      "integrity": "8783c6384a2d13abd5e9e87a7ae0520a30e9f56aeeaa3bdf910a3eaaf5c811a1"
    },
    "@std/path@1.1.0": {
      "integrity": "ddc94f8e3c275627281cbc23341df6b8bcc874d70374f75fec2533521e3d6886"
    }
  },
  "npm": {
    "@bufbuild/protobuf@2.5.1": {
      "integrity": "sha512-lut4UTvKL8tqtend0UDu7R79/n9jA7Jtxf77RNPbxtmWqfWI4qQ9bTjf7KCS4vfqLmpQbuHr1ciqJumAgJODdw=="
    },
    "@esbuild/aix-ppc64@0.25.10": {
      "integrity": "sha512-0NFWnA+7l41irNuaSVlLfgNT12caWJVLzp5eAVhZ0z1qpxbockccEt3s+149rE64VUI3Ml2zt8Nv5JVc4QXTsw==",
      "os": ["aix"],
      "cpu": ["ppc64"]
    },
    "@esbuild/android-arm64@0.25.10": {
      "integrity": "sha512-LSQa7eDahypv/VO6WKohZGPSJDq5OVOo3UoFR1E4t4Gj1W7zEQMUhI+lo81H+DtB+kP+tDgBp+M4oNCwp6kffg==",
      "os": ["android"],
      "cpu": ["arm64"]
    },
    "@esbuild/android-arm@0.25.10": {
      "integrity": "sha512-dQAxF1dW1C3zpeCDc5KqIYuZ1tgAdRXNoZP7vkBIRtKZPYe2xVr/d3SkirklCHudW1B45tGiUlz2pUWDfbDD4w==",
      "os": ["android"],
      "cpu": ["arm"]
    },
    "@esbuild/android-x64@0.25.10": {
      "integrity": "sha512-MiC9CWdPrfhibcXwr39p9ha1x0lZJ9KaVfvzA0Wxwz9ETX4v5CHfF09bx935nHlhi+MxhA63dKRRQLiVgSUtEg==",
      "os": ["android"],
      "cpu": ["x64"]
    },
    "@esbuild/darwin-arm64@0.25.10": {
      "integrity": "sha512-JC74bdXcQEpW9KkV326WpZZjLguSZ3DfS8wrrvPMHgQOIEIG/sPXEN/V8IssoJhbefLRcRqw6RQH2NnpdprtMA==",
      "os": ["darwin"],
      "cpu": ["arm64"]
    },
    "@esbuild/darwin-x64@0.25.10": {
      "integrity": "sha512-tguWg1olF6DGqzws97pKZ8G2L7Ig1vjDmGTwcTuYHbuU6TTjJe5FXbgs5C1BBzHbJ2bo1m3WkQDbWO2PvamRcg==",
      "os": ["darwin"],
      "cpu": ["x64"]
    },
    "@esbuild/freebsd-arm64@0.25.10": {
      "integrity": "sha512-3ZioSQSg1HT2N05YxeJWYR+Libe3bREVSdWhEEgExWaDtyFbbXWb49QgPvFH8u03vUPX10JhJPcz7s9t9+boWg==",
      "os": ["freebsd"],
      "cpu": ["arm64"]
    },
    "@esbuild/freebsd-x64@0.25.10": {
      "integrity": "sha512-LLgJfHJk014Aa4anGDbh8bmI5Lk+QidDmGzuC2D+vP7mv/GeSN+H39zOf7pN5N8p059FcOfs2bVlrRr4SK9WxA==",
      "os": ["freebsd"],
      "cpu": ["x64"]
    },
    "@esbuild/linux-arm64@0.25.10": {
      "integrity": "sha512-5luJWN6YKBsawd5f9i4+c+geYiVEw20FVW5x0v1kEMWNq8UctFjDiMATBxLvmmHA4bf7F6hTRaJgtghFr9iziQ==",
      "os": ["linux"],
      "cpu": ["arm64"]
    },
    "@esbuild/linux-arm@0.25.10": {
      "integrity": "sha512-oR31GtBTFYCqEBALI9r6WxoU/ZofZl962pouZRTEYECvNF/dtXKku8YXcJkhgK/beU+zedXfIzHijSRapJY3vg==",
      "os": ["linux"],
      "cpu": ["arm"]
    },
    "@esbuild/linux-ia32@0.25.10": {
      "integrity": "sha512-NrSCx2Kim3EnnWgS4Txn0QGt0Xipoumb6z6sUtl5bOEZIVKhzfyp/Lyw4C1DIYvzeW/5mWYPBFJU3a/8Yr75DQ==",
      "os": ["linux"],
      "cpu": ["ia32"]
    },
    "@esbuild/linux-loong64@0.25.10": {
      "integrity": "sha512-xoSphrd4AZda8+rUDDfD9J6FUMjrkTz8itpTITM4/xgerAZZcFW7Dv+sun7333IfKxGG8gAq+3NbfEMJfiY+Eg==",
      "os": ["linux"],
      "cpu": ["loong64"]
    },
    "@esbuild/linux-mips64el@0.25.10": {
      "integrity": "sha512-ab6eiuCwoMmYDyTnyptoKkVS3k8fy/1Uvq7Dj5czXI6DF2GqD2ToInBI0SHOp5/X1BdZ26RKc5+qjQNGRBelRA==",
      "os": ["linux"],
      "cpu": ["mips64el"]
    },
    "@esbuild/linux-ppc64@0.25.10": {
      "integrity": "sha512-NLinzzOgZQsGpsTkEbdJTCanwA5/wozN9dSgEl12haXJBzMTpssebuXR42bthOF3z7zXFWH1AmvWunUCkBE4EA==",
      "os": ["linux"],
      "cpu": ["ppc64"]
    },
    "@esbuild/linux-riscv64@0.25.10": {
      "integrity": "sha512-FE557XdZDrtX8NMIeA8LBJX3dC2M8VGXwfrQWU7LB5SLOajfJIxmSdyL/gU1m64Zs9CBKvm4UAuBp5aJ8OgnrA==",
      "os": ["linux"],
      "cpu": ["riscv64"]
    },
    "@esbuild/linux-s390x@0.25.10": {
      "integrity": "sha512-3BBSbgzuB9ajLoVZk0mGu+EHlBwkusRmeNYdqmznmMc9zGASFjSsxgkNsqmXugpPk00gJ0JNKh/97nxmjctdew==",
      "os": ["linux"],
      "cpu": ["s390x"]
    },
    "@esbuild/linux-x64@0.25.10": {
      "integrity": "sha512-QSX81KhFoZGwenVyPoberggdW1nrQZSvfVDAIUXr3WqLRZGZqWk/P4T8p2SP+de2Sr5HPcvjhcJzEiulKgnxtA==",
      "os": ["linux"],
      "cpu": ["x64"]
    },
    "@esbuild/netbsd-arm64@0.25.10": {
      "integrity": "sha512-AKQM3gfYfSW8XRk8DdMCzaLUFB15dTrZfnX8WXQoOUpUBQ+NaAFCP1kPS/ykbbGYz7rxn0WS48/81l9hFl3u4A==",
      "os": ["netbsd"],
      "cpu": ["arm64"]
    },
    "@esbuild/netbsd-x64@0.25.10": {
      "integrity": "sha512-7RTytDPGU6fek/hWuN9qQpeGPBZFfB4zZgcz2VK2Z5VpdUxEI8JKYsg3JfO0n/Z1E/6l05n0unDCNc4HnhQGig==",
      "os": ["netbsd"],
      "cpu": ["x64"]
    },
    "@esbuild/openbsd-arm64@0.25.10": {
      "integrity": "sha512-5Se0VM9Wtq797YFn+dLimf2Zx6McttsH2olUBsDml+lm0GOCRVebRWUvDtkY4BWYv/3NgzS8b/UM3jQNh5hYyw==",
      "os": ["openbsd"],
      "cpu": ["arm64"]
    },
    "@esbuild/openbsd-x64@0.25.10": {
      "integrity": "sha512-XkA4frq1TLj4bEMB+2HnI0+4RnjbuGZfet2gs/LNs5Hc7D89ZQBHQ0gL2ND6Lzu1+QVkjp3x1gIcPKzRNP8bXw==",
      "os": ["openbsd"],
      "cpu": ["x64"]
    },
    "@esbuild/openharmony-arm64@0.25.10": {
      "integrity": "sha512-AVTSBhTX8Y/Fz6OmIVBip9tJzZEUcY8WLh7I59+upa5/GPhh2/aM6bvOMQySspnCCHvFi79kMtdJS1w0DXAeag==",
      "os": ["openharmony"],
      "cpu": ["arm64"]
    },
    "@esbuild/sunos-x64@0.25.10": {
      "integrity": "sha512-fswk3XT0Uf2pGJmOpDB7yknqhVkJQkAQOcW/ccVOtfx05LkbWOaRAtn5SaqXypeKQra1QaEa841PgrSL9ubSPQ==",
      "os": ["sunos"],
      "cpu": ["x64"]
    },
    "@esbuild/win32-arm64@0.25.10": {
      "integrity": "sha512-ah+9b59KDTSfpaCg6VdJoOQvKjI33nTaQr4UluQwW7aEwZQsbMCfTmfEO4VyewOxx4RaDT/xCy9ra2GPWmO7Kw==",
      "os": ["win32"],
      "cpu": ["arm64"]
    },
    "@esbuild/win32-ia32@0.25.10": {
      "integrity": "sha512-QHPDbKkrGO8/cz9LKVnJU22HOi4pxZnZhhA2HYHez5Pz4JeffhDjf85E57Oyco163GnzNCVkZK0b/n4Y0UHcSw==",
      "os": ["win32"],
      "cpu": ["ia32"]
    },
    "@esbuild/win32-x64@0.25.10": {
      "integrity": "sha512-9KpxSVFCu0iK1owoez6aC/s/EdUQLDN3adTxGCqxMVhrPDj6bt5dbrHDXUuq+Bs2vATFBBrQS5vdQ/Ed2P+nbw==",
      "os": ["win32"],
      "cpu": ["x64"]
    },
    "@ruffle-rs/ruffle@0.2.0-nightly.2025.8.26": {
      "integrity": "sha512-hkVDpBuMydA0vt+6Pm39UTR9pNnUntx61LtjEQl4CCVSytex+/9mu3um9MprLIWIoW0OK9tm1XQGtYVI/uBG2g=="
    },
    "autoprefixer@10.4.21_postcss@8.5.4": {
      "integrity": "sha512-O+A6LWV5LDHSJD3LjHYoNi4VLsj/Whi7k6zG12xTYaU4cQ8oxQGckXNX8cRHK5yOZ/ppVHe0ZBXGzSV9jXdVbQ==",
      "dependencies": [
        "browserslist",
        "caniuse-lite",
        "fraction.js",
        "normalize-range",
        "picocolors",
        "postcss",
        "postcss-value-parser"
      ],
      "bin": true
    },
    "autosize@6.0.1": {
      "integrity": "sha512-f86EjiUKE6Xvczc4ioP1JBlWG7FKrE13qe/DxBCpe8GCipCq2nFw73aO8QEBKHfSbYGDN5eB9jXWKen7tspDqQ=="
    },
    "browserslist@4.25.0": {
      "integrity": "sha512-PJ8gYKeS5e/whHBh8xrwYK+dAvEj7JXtz6uTucnMRB8OiGTsKccFekoRrjajPBHV8oOY+2tI4uxeceSimKwMFA==",
      "dependencies": [
        "caniuse-lite",
        "electron-to-chromium",
        "node-releases",
        "update-browserslist-db"
      ],
      "bin": true
    },
    "buffer-builder@0.2.0": {
      "integrity": "sha512-7VPMEPuYznPSoR21NE1zvd2Xna6c/CloiZCfcMXR1Jny6PjX0N4Nsa38zcBFo/FMK+BlA+FLKbJCQ0i2yxp+Xg=="
    },
    "caniuse-lite@1.0.30001720": {
      "integrity": "sha512-Ec/2yV2nNPwb4DnTANEV99ZWwm3ZWfdlfkQbWSDDt+PsXEVYwlhPH8tdMaPunYTKKmz7AnHi2oNEi1GcmKCD8g=="
    },
    "colorjs.io@0.5.2": {
      "integrity": "sha512-twmVoizEW7ylZSN32OgKdXRmo1qg+wT5/6C3xu5b9QsWzSFAhHLn2xd8ro0diCsKfCj1RdaTP/nrcW+vAoQPIw=="
    },
    "electron-to-chromium@1.5.161": {
      "integrity": "sha512-hwtetwfKNZo/UlwHIVBlKZVdy7o8bIZxxKs0Mv/ROPiQQQmDgdm5a+KvKtBsxM8ZjFzTaCeLoodZ8jiBE3o9rA=="
    },
    "esbuild@0.25.10": {
      "integrity": "sha512-9RiGKvCwaqxO2owP61uQ4BgNborAQskMR6QusfWzQqv7AZOg5oGehdY2pRJMTKuwxd1IDBP4rSbI5lHzU7SMsQ==",
      "optionalDependencies": [
        "@esbuild/aix-ppc64",
        "@esbuild/android-arm",
        "@esbuild/android-arm64",
        "@esbuild/android-x64",
        "@esbuild/darwin-arm64",
        "@esbuild/darwin-x64",
        "@esbuild/freebsd-arm64",
        "@esbuild/freebsd-x64",
        "@esbuild/linux-arm",
        "@esbuild/linux-arm64",
        "@esbuild/linux-ia32",
        "@esbuild/linux-loong64",
        "@esbuild/linux-mips64el",
        "@esbuild/linux-ppc64",
        "@esbuild/linux-riscv64",
        "@esbuild/linux-s390x",
        "@esbuild/linux-x64",
        "@esbuild/netbsd-arm64",
        "@esbuild/netbsd-x64",
        "@esbuild/openbsd-arm64",
        "@esbuild/openbsd-x64",
        "@esbuild/openharmony-arm64",
        "@esbuild/sunos-x64",
        "@esbuild/win32-arm64",
        "@esbuild/win32-ia32",
        "@esbuild/win32-x64"
      ],
      "scripts": true,
      "bin": true
    },
    "escalade@3.2.0": {
      "integrity": "sha512-WUj2qlxaQtO4g6Pq5c29GTcWGDyd8itL8zTlipgECz3JesAiiOKotd8JU6otB3PACgG6xkJUyVhboMS+bje/jA=="
    },
    "fraction.js@4.3.7": {
      "integrity": "sha512-ZsDfxO51wGAXREY55a7la9LScWpwv9RxIrYABrlvOFBlH/ShPnrtsXeuUIfXKKOVicNxQ+o8JTbJvjS4M89yew=="
    },
    "has-flag@4.0.0": {
      "integrity": "sha512-EykJT/Q1KjTWctppgIAgfSO0tKVuZUjhgMr17kqTumMl6Afv3EISleU7qZUzoXDFTAHTDC4NOoG/ZxU3EvlMPQ=="
    },
    "immutable@5.1.2": {
      "integrity": "sha512-qHKXW1q6liAk1Oys6umoaZbDRqjcjgSrbnrifHsfsttza7zcvRAsL7mMV6xWcyhwQy7Xj5v4hhbr6b+iDYwlmQ=="
    },
    "nanoid@3.3.11": {
      "integrity": "sha512-N8SpfPUnUp1bK+PMYW8qSWdl9U+wwNWI4QKxOYDy9JAro3WMX7p2OeVRF9v+347pnakNevPmiHhNmZ2HbFA76w==",
      "bin": true
    },
    "node-releases@2.0.19": {
      "integrity": "sha512-xxOWJsBKtzAq7DY0J+DTzuz58K8e7sJbdgwkbMWQe8UYB6ekmsQ45q0M/tJDsGaZmbC+l7n57UV8Hl5tHxO9uw=="
    },
    "normalize-range@0.1.2": {
      "integrity": "sha512-bdok/XvKII3nUpklnV6P2hxtMNrCboOjAcyBuQnWEhO665FwrSNRxU+AqpsyvO6LgGYPspN+lu5CLtw4jPRKNA=="
    },
    "picocolors@1.1.1": {
      "integrity": "sha512-xceH2snhtb5M9liqDsmEw56le376mTZkEX/jEb/RxNFyegNul7eNslCXP9FDj/Lcu0X8KEyMceP2ntpaHrDEVA=="
    },
    "postcss-value-parser@4.2.0": {
      "integrity": "sha512-1NNCs6uurfkVbeXG4S8JFT9t19m45ICnif8zWLd5oPSZ50QnwMfK+H3jv408d4jw/7Bttv5axS5IiHoLaVNHeQ=="
    },
    "postcss@8.5.4": {
      "integrity": "sha512-QSa9EBe+uwlGTFmHsPKokv3B/oEMQZxfqW0QqNCyhpa6mB1afzulwn8hihglqAb2pOw+BJgNlmXQ8la2VeHB7w==",
      "dependencies": [
        "nanoid",
        "picocolors",
        "source-map-js"
      ]
    },
    "rxjs@7.8.2": {
      "integrity": "sha512-dhKf903U/PQZY6boNNtAGdWbG85WAbjT/1xYoZIC7FAY0yWapOBQVsVrDl58W86//e1VpMNBtRV4MaXfdMySFA==",
      "dependencies": [
        "tslib"
      ]
    },
    "sass-embedded-android-arm64@1.89.1": {
      "integrity": "sha512-Je6x7uuJRGQdr5ziSJdaPA4NhBSO26BU/E55qiuMUZpjq2EWBEJPbNeugu/cWlCEmfqoVuxj37r8aEU+KG0H1g==",
      "os": ["android"],
      "cpu": ["arm64"]
    },
    "sass-embedded-android-arm@1.89.1": {
      "integrity": "sha512-wVchZSz8zbJBwwOs9/iwco/M5G3L5BaeqwUF1EC3Gtzn1BsXYUEkJfftW2HxGl4hQz2YlpR7BY1GRN817uxADA==",
      "os": ["android"],
      "cpu": ["arm"]
    },
    "sass-embedded-android-riscv64@1.89.1": {
      "integrity": "sha512-DhWe+A4RVtpHMVaQgdzRpiczAXKPl7XhyY9USkY9Xkhv94+csTfjyuFmsUuCpKSiQDQkD+rGByfg+9yQIk/RgQ==",
      "os": ["android"],
      "cpu": ["riscv64"]
    },
    "sass-embedded-android-x64@1.89.1": {
      "integrity": "sha512-LTEzxTXrv3evPiHBmDMtJtO5tEprg7bvNOwYTjDEhE9ZCYdb70l+haIY0dVyhGxyeaBJlyvatjWOKEduPP3Lyw==",
      "os": ["android"],
      "cpu": ["x64"]
    },
    "sass-embedded-darwin-arm64@1.89.1": {
      "integrity": "sha512-7qMO4BLdIOFMMc1M+hg5iWEjPxbPlH1XTPUCwyuXYqubz6kXkdrrtJXolNAAey/0ZOE6uXk0APugm93a/veQdQ==",
      "os": ["darwin"],
      "cpu": ["arm64"]
    },
    "sass-embedded-darwin-x64@1.89.1": {
      "integrity": "sha512-Jzuws3NNx4YtDdL2/skP8BvGqMBKn26XINehwLnD2kgbh0+k+vKNWt5JDomvIuZVLsK8zWrMoRkXpk4wuHdqrw==",
      "os": ["darwin"],
      "cpu": ["x64"]
    },
    "sass-embedded-linux-arm64@1.89.1": {
      "integrity": "sha512-h967EV2armjV+Re+hHv7LaIzCOvV6DoFod9GJhXTdnPvilqs7DAPTUfN07wOqbzjlaGEnITZXzLsWAoZ1Z7tWQ==",
      "os": ["linux"],
      "cpu": ["arm64"]
    },
    "sass-embedded-linux-arm@1.89.1": {
      "integrity": "sha512-8TvFr/lh7FARtNr9mM57m7NNvtSZwnlkXtfY1D48B81Ve6GgtLqQhELNzvTcfQ0WZa0aNnVjq9XUuWLlrMDaZQ==",
      "os": ["linux"],
      "cpu": ["arm"]
    },
    "sass-embedded-linux-musl-arm64@1.89.1": {
      "integrity": "sha512-l4TrsUmE3AEPy2gDThb+OQV5xSyrb807DJbkQiFtTwvtOZAAkoVl1v2QeocW0npgKjc/W7nHMiSempJe0UcV7w==",
      "os": ["linux"],
      "cpu": ["arm64"]
    },
    "sass-embedded-linux-musl-arm@1.89.1": {
      "integrity": "sha512-Tl8wDL+3qFa/AhvZZBb1OvhN1SvIsRSLaPdGP8cv3VmKKVBdlLp2zedPTlcLJpR9dG/bjtGJYGX15kWHAvZ6mQ==",
      "os": ["linux"],
      "cpu": ["arm"]
    },
    "sass-embedded-linux-musl-riscv64@1.89.1": {
      "integrity": "sha512-YJVZmz032U7dv4RW3u+SJGp+DQWmYWc5fX/aXzLuoL6PPUPon1/Sseaf/5YGtcuQf8RnxZBbM2nFHFVHDJfsQw==",
      "os": ["linux"],
      "cpu": ["riscv64"]
    },
    "sass-embedded-linux-musl-x64@1.89.1": {
      "integrity": "sha512-67ijpk87V0VlpdVTtgnfIzRkVUMtEH79nvGctvNpk0XT6v+oxoFRljFRiYItZOxb5gRZMnvtkgaz1VHVcMrhtg==",
      "os": ["linux"],
      "cpu": ["x64"]
    },
    "sass-embedded-linux-riscv64@1.89.1": {
      "integrity": "sha512-SQNWy5kUvlQJUKRXFy8jS05DBik+2ERIWDxOBk+QuJYEIktlA9fKKBU8c7RkgpZFNXSXZa0W1Gy27oOFCzhhuA==",
      "os": ["linux"],
      "cpu": ["riscv64"]
    },
    "sass-embedded-linux-x64@1.89.1": {
      "integrity": "sha512-KUqGzBvTDZG6D3Pq41sCzqO1wkxM0WmxxlI7PTuVkvgciTywHf8F7mkg2alMLVZQ6APJEYtlnCGQgn4cCgYsqw==",
      "os": ["linux"],
      "cpu": ["x64"]
    },
    "sass-embedded-win32-arm64@1.89.1": {
      "integrity": "sha512-Lk6dYA18RasZxQhShT91G7Z2o7+F9necTNJ951a5AICsSJpTbg3tTnAGB7Rvd6xB5reQSZoXfB/zXKEKwtzaow==",
      "os": ["win32"],
      "cpu": ["arm64"]
    },
    "sass-embedded-win32-x64@1.89.1": {
      "integrity": "sha512-YlvzrzFPHd4GKa04jMfP0t2DGJHPTm7zN4GEYtaOFqeS6BoEAUY5kBNYFy7zhwKesN3kGyU/D9rz1MfLRgGv0g==",
      "os": ["win32"],
      "cpu": ["x64"]
    },
    "sass-embedded@1.89.1": {
      "integrity": "sha512-alvGGlyYdkSXYKOfS/TTxUD0993EYOe3adIPtwCWEg037qe183p2dkYnbaRsCLJFKt+QoyRzhsrbCsK7sbR6MA==",
      "dependencies": [
        "@bufbuild/protobuf",
        "buffer-builder",
        "colorjs.io",
        "immutable",
        "rxjs",
        "supports-color",
        "sync-child-process",
        "varint"
      ],
      "optionalDependencies": [
        "sass-embedded-android-arm",
        "sass-embedded-android-arm64",
        "sass-embedded-android-riscv64",
        "sass-embedded-android-x64",
        "sass-embedded-darwin-arm64",
        "sass-embedded-darwin-x64",
        "sass-embedded-linux-arm",
        "sass-embedded-linux-arm64",
        "sass-embedded-linux-musl-arm",
        "sass-embedded-linux-musl-arm64",
        "sass-embedded-linux-musl-riscv64",
        "sass-embedded-linux-musl-x64",
        "sass-embedded-linux-riscv64",
        "sass-embedded-linux-x64",
        "sass-embedded-win32-arm64",
        "sass-embedded-win32-x64"
      ],
      "bin": true
    },
    "source-map-js@1.2.1": {
      "integrity": "sha512-UXWMKhLOwVKb728IUtQPXxfYU+usdybtUrK/8uGE8CQMvrhOpwvzDBwj0QhSL7MQc7vIsISBG8VQ8+IDQxpfQA=="
    },
    "supports-color@8.1.1": {
      "integrity": "sha512-MpUEN2OodtUzxvKQl72cUF7RQ5EiHsGvSsVG0ia9c5RbWGL2CI4C7EpPS8UTBIplnlzZiNuV56w+FuNxy3ty2Q==",
      "dependencies": [
        "has-flag"
      ]
    },
    "sync-child-process@1.0.2": {
      "integrity": "sha512-8lD+t2KrrScJ/7KXCSyfhT3/hRq78rC0wBFqNJXv3mZyn6hW2ypM05JmlSvtqRbeq6jqA94oHbxAr2vYsJ8vDA==",
      "dependencies": [
        "sync-message-port"
      ]
    },
    "sync-message-port@1.1.3": {
      "integrity": "sha512-GTt8rSKje5FilG+wEdfCkOcLL7LWqpMlr2c3LRuKt/YXxcJ52aGSbGBAdI4L3aaqfrBt6y711El53ItyH1NWzg=="
    },
    "tslib@2.8.1": {
      "integrity": "sha512-oJFu94HQb+KVduSUQL7wnpmqnfmLsOA/nAh6b6EH0wCEoK0/mPeXU6c3wKDV83MkOuHPRHtSXKKU99IBazS/2w=="
    },
    "update-browserslist-db@1.1.3_browserslist@4.25.0": {
      "integrity": "sha512-UxhIZQ+QInVdunkDAaiazvvT/+fXL5Osr0JZlJulepYu6Jd7qJtDZjlur0emRlT71EN3ScPoE7gvsuIKKNavKw==",
      "dependencies": [
        "browserslist",
        "escalade",
        "picocolors"
      ],
      "bin": true
    },
    "varint@6.0.0": {
      "integrity": "sha512-cXEIW6cfr15lFv563k4GuVuW/fiwjknytD37jIOLSdSWuOI6WnO/oKwmP2FQTU2l01LP8/M5TSAJpzUaGe3uWg=="
    }
  },
  "workspace": {
    "dependencies": [
      "jsr:@std/async@^1.0.13",
      "jsr:@std/cli@^1.0.19",
      "jsr:@std/collections@^1.1.1",
      "jsr:@std/encoding@^1.0.10",
      "jsr:@std/path@^1.1.0",
      "npm:@ruffle-rs/ruffle@0.2.0-nightly.2025.8.26",
      "npm:autoprefixer@^10.4.20",
      "npm:autosize@^6.0.1",
      "npm:esbuild@~0.25.10",
      "npm:postcss@^8.5.4",
      "npm:sass-embedded@^1.89.1"
    ]
  }
}
