{
  "version": "5",
  "specifiers": {
    "jsr:@std/cli@^1.0.19": "1.0.19",
    "jsr:@std/encoding@^1.0.10": "1.0.10",
    "jsr:@std/path@^1.1.0": "1.1.0",
    "npm:@ruffle-rs/ruffle@~0.1.0-nightly.2023.8.17": "0.1.0-nightly.2025.5.21",
    "npm:autoprefixer@^10.4.20": "10.4.21_postcss@8.5.4",
    "npm:esbuild@~0.25.5": "0.25.5",
    "npm:postcss@^8.5.4": "8.5.4"
  },
  "jsr": {
    "@std/cli@1.0.19": {
      "integrity": "b3601a54891f89f3f738023af11960c4e6f7a45dc76cde39a6861124cba79e88"
    },
    "@std/encoding@1.0.10": {
      "integrity": "8783c6384a2d13abd5e9e87a7ae0520a30e9f56aeeaa3bdf910a3eaaf5c811a1"
    },
    "@std/path@1.1.0": {
      "integrity": "ddc94f8e3c275627281cbc23341df6b8bcc874d70374f75fec2533521e3d6886"
    }
  },
  "npm": {
    "@esbuild/aix-ppc64@0.25.4": {
      "integrity": "sha512-1VCICWypeQKhVbE9oW/sJaAmjLxhVqacdkvPLEjwlttjfwENRSClS8EjBz0KzRyFSCPDIkuXW34Je/vk7zdB7Q==",
      "os": [
        "aix"
      ],
      "cpu": [
        "ppc64"
      ]
    },
    "@esbuild/aix-ppc64@0.25.5": {
      "integrity": "sha512-9o3TMmpmftaCMepOdA5k/yDw8SfInyzWWTjYTFCX3kPSDJMROQTb8jg+h9Cnwnmm1vOzvxN7gIfB5V2ewpjtGA==",
      "os": [
        "aix"
      ],
      "cpu": [
        "ppc64"
      ]
    },
    "@esbuild/android-arm64@0.25.4": {
      "integrity": "sha512-bBy69pgfhMGtCnwpC/x5QhfxAz/cBgQ9enbtwjf6V9lnPI/hMyT9iWpR1arm0l3kttTr4L0KSLpKmLp/ilKS9A==",
      "os": [
        "android"
      ],
      "cpu": [
        "arm64"
      ]
    },
    "@esbuild/android-arm64@0.25.5": {
      "integrity": "sha512-VGzGhj4lJO+TVGV1v8ntCZWJktV7SGCs3Pn1GRWI1SBFtRALoomm8k5E9Pmwg3HOAal2VDc2F9+PM/rEY6oIDg==",
      "os": [
        "android"
      ],
      "cpu": [
        "arm64"
      ]
    },
    "@esbuild/android-arm@0.25.4": {
      "integrity": "sha512-QNdQEps7DfFwE3hXiU4BZeOV68HHzYwGd0Nthhd3uCkkEKK7/R6MTgM0P7H7FAs5pU/DIWsviMmEGxEoxIZ+ZQ==",
      "os": [
        "android"
      ],
      "cpu": [
        "arm"
      ]
    },
    "@esbuild/android-arm@0.25.5": {
      "integrity": "sha512-AdJKSPeEHgi7/ZhuIPtcQKr5RQdo6OO2IL87JkianiMYMPbCtot9fxPbrMiBADOWWm3T2si9stAiVsGbTQFkbA==",
      "os": [
        "android"
      ],
      "cpu": [
        "arm"
      ]
    },
    "@esbuild/android-x64@0.25.4": {
      "integrity": "sha512-TVhdVtQIFuVpIIR282btcGC2oGQoSfZfmBdTip2anCaVYcqWlZXGcdcKIUklfX2wj0JklNYgz39OBqh2cqXvcQ==",
      "os": [
        "android"
      ],
      "cpu": [
        "x64"
      ]
    },
    "@esbuild/android-x64@0.25.5": {
      "integrity": "sha512-D2GyJT1kjvO//drbRT3Hib9XPwQeWd9vZoBJn+bu/lVsOZ13cqNdDeqIF/xQ5/VmWvMduP6AmXvylO/PIc2isw==",
      "os": [
        "android"
      ],
      "cpu": [
        "x64"
      ]
    },
    "@esbuild/darwin-arm64@0.25.4": {
      "integrity": "sha512-Y1giCfM4nlHDWEfSckMzeWNdQS31BQGs9/rouw6Ub91tkK79aIMTH3q9xHvzH8d0wDru5Ci0kWB8b3up/nl16g==",
      "os": [
        "darwin"
      ],
      "cpu": [
        "arm64"
      ]
    },
    "@esbuild/darwin-arm64@0.25.5": {
      "integrity": "sha512-GtaBgammVvdF7aPIgH2jxMDdivezgFu6iKpmT+48+F8Hhg5J/sfnDieg0aeG/jfSvkYQU2/pceFPDKlqZzwnfQ==",
      "os": [
        "darwin"
      ],
      "cpu": [
        "arm64"
      ]
    },
    "@esbuild/darwin-x64@0.25.4": {
      "integrity": "sha512-CJsry8ZGM5VFVeyUYB3cdKpd/H69PYez4eJh1W/t38vzutdjEjtP7hB6eLKBoOdxcAlCtEYHzQ/PJ/oU9I4u0A==",
      "os": [
        "darwin"
      ],
      "cpu": [
        "x64"
      ]
    },
    "@esbuild/darwin-x64@0.25.5": {
      "integrity": "sha512-1iT4FVL0dJ76/q1wd7XDsXrSW+oLoquptvh4CLR4kITDtqi2e/xwXwdCVH8hVHU43wgJdsq7Gxuzcs6Iq/7bxQ==",
      "os": [
        "darwin"
      ],
      "cpu": [
        "x64"
      ]
    },
    "@esbuild/freebsd-arm64@0.25.4": {
      "integrity": "sha512-yYq+39NlTRzU2XmoPW4l5Ifpl9fqSk0nAJYM/V/WUGPEFfek1epLHJIkTQM6bBs1swApjO5nWgvr843g6TjxuQ==",
      "os": [
        "freebsd"
      ],
      "cpu": [
        "arm64"
      ]
    },
    "@esbuild/freebsd-arm64@0.25.5": {
      "integrity": "sha512-nk4tGP3JThz4La38Uy/gzyXtpkPW8zSAmoUhK9xKKXdBCzKODMc2adkB2+8om9BDYugz+uGV7sLmpTYzvmz6Sw==",
      "os": [
        "freebsd"
      ],
      "cpu": [
        "arm64"
      ]
    },
    "@esbuild/freebsd-x64@0.25.4": {
      "integrity": "sha512-0FgvOJ6UUMflsHSPLzdfDnnBBVoCDtBTVyn/MrWloUNvq/5SFmh13l3dvgRPkDihRxb77Y17MbqbCAa2strMQQ==",
      "os": [
        "freebsd"
      ],
      "cpu": [
        "x64"
      ]
    },
    "@esbuild/freebsd-x64@0.25.5": {
      "integrity": "sha512-PrikaNjiXdR2laW6OIjlbeuCPrPaAl0IwPIaRv+SMV8CiM8i2LqVUHFC1+8eORgWyY7yhQY+2U2fA55mBzReaw==",
      "os": [
        "freebsd"
      ],
      "cpu": [
        "x64"
      ]
    },
    "@esbuild/linux-arm64@0.25.4": {
      "integrity": "sha512-+89UsQTfXdmjIvZS6nUnOOLoXnkUTB9hR5QAeLrQdzOSWZvNSAXAtcRDHWtqAUtAmv7ZM1WPOOeSxDzzzMogiQ==",
      "os": [
        "linux"
      ],
      "cpu": [
        "arm64"
      ]
    },
    "@esbuild/linux-arm64@0.25.5": {
      "integrity": "sha512-Z9kfb1v6ZlGbWj8EJk9T6czVEjjq2ntSYLY2cw6pAZl4oKtfgQuS4HOq41M/BcoLPzrUbNd+R4BXFyH//nHxVg==",
      "os": [
        "linux"
      ],
      "cpu": [
        "arm64"
      ]
    },
    "@esbuild/linux-arm@0.25.4": {
      "integrity": "sha512-kro4c0P85GMfFYqW4TWOpvmF8rFShbWGnrLqlzp4X1TNWjRY3JMYUfDCtOxPKOIY8B0WC8HN51hGP4I4hz4AaQ==",
      "os": [
        "linux"
      ],
      "cpu": [
        "arm"
      ]
    },
    "@esbuild/linux-arm@0.25.5": {
      "integrity": "sha512-cPzojwW2okgh7ZlRpcBEtsX7WBuqbLrNXqLU89GxWbNt6uIg78ET82qifUy3W6OVww6ZWobWub5oqZOVtwolfw==",
      "os": [
        "linux"
      ],
      "cpu": [
        "arm"
      ]
    },
    "@esbuild/linux-ia32@0.25.4": {
      "integrity": "sha512-yTEjoapy8UP3rv8dB0ip3AfMpRbyhSN3+hY8mo/i4QXFeDxmiYbEKp3ZRjBKcOP862Ua4b1PDfwlvbuwY7hIGQ==",
      "os": [
        "linux"
      ],
      "cpu": [
        "ia32"
      ]
    },
    "@esbuild/linux-ia32@0.25.5": {
      "integrity": "sha512-sQ7l00M8bSv36GLV95BVAdhJ2QsIbCuCjh/uYrWiMQSUuV+LpXwIqhgJDcvMTj+VsQmqAHL2yYaasENvJ7CDKA==",
      "os": [
        "linux"
      ],
      "cpu": [
        "ia32"
      ]
    },
    "@esbuild/linux-loong64@0.25.4": {
      "integrity": "sha512-NeqqYkrcGzFwi6CGRGNMOjWGGSYOpqwCjS9fvaUlX5s3zwOtn1qwg1s2iE2svBe4Q/YOG1q6875lcAoQK/F4VA==",
      "os": [
        "linux"
      ],
      "cpu": [
        "loong64"
      ]
    },
    "@esbuild/linux-loong64@0.25.5": {
      "integrity": "sha512-0ur7ae16hDUC4OL5iEnDb0tZHDxYmuQyhKhsPBV8f99f6Z9KQM02g33f93rNH5A30agMS46u2HP6qTdEt6Q1kg==",
      "os": [
        "linux"
      ],
      "cpu": [
        "loong64"
      ]
    },
    "@esbuild/linux-mips64el@0.25.4": {
      "integrity": "sha512-IcvTlF9dtLrfL/M8WgNI/qJYBENP3ekgsHbYUIzEzq5XJzzVEV/fXY9WFPfEEXmu3ck2qJP8LG/p3Q8f7Zc2Xg==",
      "os": [
        "linux"
      ],
      "cpu": [
        "mips64el"
      ]
    },
    "@esbuild/linux-mips64el@0.25.5": {
      "integrity": "sha512-kB/66P1OsHO5zLz0i6X0RxlQ+3cu0mkxS3TKFvkb5lin6uwZ/ttOkP3Z8lfR9mJOBk14ZwZ9182SIIWFGNmqmg==",
      "os": [
        "linux"
      ],
      "cpu": [
        "mips64el"
      ]
    },
    "@esbuild/linux-ppc64@0.25.4": {
      "integrity": "sha512-HOy0aLTJTVtoTeGZh4HSXaO6M95qu4k5lJcH4gxv56iaycfz1S8GO/5Jh6X4Y1YiI0h7cRyLi+HixMR+88swag==",
      "os": [
        "linux"
      ],
      "cpu": [
        "ppc64"
      ]
    },
    "@esbuild/linux-ppc64@0.25.5": {
      "integrity": "sha512-UZCmJ7r9X2fe2D6jBmkLBMQetXPXIsZjQJCjgwpVDz+YMcS6oFR27alkgGv3Oqkv07bxdvw7fyB71/olceJhkQ==",
      "os": [
        "linux"
      ],
      "cpu": [
        "ppc64"
      ]
    },
    "@esbuild/linux-riscv64@0.25.4": {
      "integrity": "sha512-i8JUDAufpz9jOzo4yIShCTcXzS07vEgWzyX3NH2G7LEFVgrLEhjwL3ajFE4fZI3I4ZgiM7JH3GQ7ReObROvSUA==",
      "os": [
        "linux"
      ],
      "cpu": [
        "riscv64"
      ]
    },
    "@esbuild/linux-riscv64@0.25.5": {
      "integrity": "sha512-kTxwu4mLyeOlsVIFPfQo+fQJAV9mh24xL+y+Bm6ej067sYANjyEw1dNHmvoqxJUCMnkBdKpvOn0Ahql6+4VyeA==",
      "os": [
        "linux"
      ],
      "cpu": [
        "riscv64"
      ]
    },
    "@esbuild/linux-s390x@0.25.4": {
      "integrity": "sha512-jFnu+6UbLlzIjPQpWCNh5QtrcNfMLjgIavnwPQAfoGx4q17ocOU9MsQ2QVvFxwQoWpZT8DvTLooTvmOQXkO51g==",
      "os": [
        "linux"
      ],
      "cpu": [
        "s390x"
      ]
    },
    "@esbuild/linux-s390x@0.25.5": {
      "integrity": "sha512-K2dSKTKfmdh78uJ3NcWFiqyRrimfdinS5ErLSn3vluHNeHVnBAFWC8a4X5N+7FgVE1EjXS1QDZbpqZBjfrqMTQ==",
      "os": [
        "linux"
      ],
      "cpu": [
        "s390x"
      ]
    },
    "@esbuild/linux-x64@0.25.4": {
      "integrity": "sha512-6e0cvXwzOnVWJHq+mskP8DNSrKBr1bULBvnFLpc1KY+d+irZSgZ02TGse5FsafKS5jg2e4pbvK6TPXaF/A6+CA==",
      "os": [
        "linux"
      ],
      "cpu": [
        "x64"
      ]
    },
    "@esbuild/linux-x64@0.25.5": {
      "integrity": "sha512-uhj8N2obKTE6pSZ+aMUbqq+1nXxNjZIIjCjGLfsWvVpy7gKCOL6rsY1MhRh9zLtUtAI7vpgLMK6DxjO8Qm9lJw==",
      "os": [
        "linux"
      ],
      "cpu": [
        "x64"
      ]
    },
    "@esbuild/netbsd-arm64@0.25.4": {
      "integrity": "sha512-vUnkBYxZW4hL/ie91hSqaSNjulOnYXE1VSLusnvHg2u3jewJBz3YzB9+oCw8DABeVqZGg94t9tyZFoHma8gWZQ==",
      "os": [
        "netbsd"
      ],
      "cpu": [
        "arm64"
      ]
    },
    "@esbuild/netbsd-arm64@0.25.5": {
      "integrity": "sha512-pwHtMP9viAy1oHPvgxtOv+OkduK5ugofNTVDilIzBLpoWAM16r7b/mxBvfpuQDpRQFMfuVr5aLcn4yveGvBZvw==",
      "os": [
        "netbsd"
      ],
      "cpu": [
        "arm64"
      ]
    },
    "@esbuild/netbsd-x64@0.25.4": {
      "integrity": "sha512-XAg8pIQn5CzhOB8odIcAm42QsOfa98SBeKUdo4xa8OvX8LbMZqEtgeWE9P/Wxt7MlG2QqvjGths+nq48TrUiKw==",
      "os": [
        "netbsd"
      ],
      "cpu": [
        "x64"
      ]
    },
    "@esbuild/netbsd-x64@0.25.5": {
      "integrity": "sha512-WOb5fKrvVTRMfWFNCroYWWklbnXH0Q5rZppjq0vQIdlsQKuw6mdSihwSo4RV/YdQ5UCKKvBy7/0ZZYLBZKIbwQ==",
      "os": [
        "netbsd"
      ],
      "cpu": [
        "x64"
      ]
    },
    "@esbuild/openbsd-arm64@0.25.4": {
      "integrity": "sha512-Ct2WcFEANlFDtp1nVAXSNBPDxyU+j7+tId//iHXU2f/lN5AmO4zLyhDcpR5Cz1r08mVxzt3Jpyt4PmXQ1O6+7A==",
      "os": [
        "openbsd"
      ],
      "cpu": [
        "arm64"
      ]
    },
    "@esbuild/openbsd-arm64@0.25.5": {
      "integrity": "sha512-7A208+uQKgTxHd0G0uqZO8UjK2R0DDb4fDmERtARjSHWxqMTye4Erz4zZafx7Di9Cv+lNHYuncAkiGFySoD+Mw==",
      "os": [
        "openbsd"
      ],
      "cpu": [
        "arm64"
      ]
    },
    "@esbuild/openbsd-x64@0.25.4": {
      "integrity": "sha512-xAGGhyOQ9Otm1Xu8NT1ifGLnA6M3sJxZ6ixylb+vIUVzvvd6GOALpwQrYrtlPouMqd/vSbgehz6HaVk4+7Afhw==",
      "os": [
        "openbsd"
      ],
      "cpu": [
        "x64"
      ]
    },
    "@esbuild/openbsd-x64@0.25.5": {
      "integrity": "sha512-G4hE405ErTWraiZ8UiSoesH8DaCsMm0Cay4fsFWOOUcz8b8rC6uCvnagr+gnioEjWn0wC+o1/TAHt+It+MpIMg==",
      "os": [
        "openbsd"
      ],
      "cpu": [
        "x64"
      ]
    },
    "@esbuild/sunos-x64@0.25.4": {
      "integrity": "sha512-Mw+tzy4pp6wZEK0+Lwr76pWLjrtjmJyUB23tHKqEDP74R3q95luY/bXqXZeYl4NYlvwOqoRKlInQialgCKy67Q==",
      "os": [
        "sunos"
      ],
      "cpu": [
        "x64"
      ]
    },
    "@esbuild/sunos-x64@0.25.5": {
      "integrity": "sha512-l+azKShMy7FxzY0Rj4RCt5VD/q8mG/e+mDivgspo+yL8zW7qEwctQ6YqKX34DTEleFAvCIUviCFX1SDZRSyMQA==",
      "os": [
        "sunos"
      ],
      "cpu": [
        "x64"
      ]
    },
    "@esbuild/win32-arm64@0.25.4": {
      "integrity": "sha512-AVUP428VQTSddguz9dO9ngb+E5aScyg7nOeJDrF1HPYu555gmza3bDGMPhmVXL8svDSoqPCsCPjb265yG/kLKQ==",
      "os": [
        "win32"
      ],
      "cpu": [
        "arm64"
      ]
    },
    "@esbuild/win32-arm64@0.25.5": {
      "integrity": "sha512-O2S7SNZzdcFG7eFKgvwUEZ2VG9D/sn/eIiz8XRZ1Q/DO5a3s76Xv0mdBzVM5j5R639lXQmPmSo0iRpHqUUrsxw==",
      "os": [
        "win32"
      ],
      "cpu": [
        "arm64"
      ]
    },
    "@esbuild/win32-ia32@0.25.4": {
      "integrity": "sha512-i1sW+1i+oWvQzSgfRcxxG2k4I9n3O9NRqy8U+uugaT2Dy7kLO9Y7wI72haOahxceMX8hZAzgGou1FhndRldxRg==",
      "os": [
        "win32"
      ],
      "cpu": [
        "ia32"
      ]
    },
    "@esbuild/win32-ia32@0.25.5": {
      "integrity": "sha512-onOJ02pqs9h1iMJ1PQphR+VZv8qBMQ77Klcsqv9CNW2w6yLqoURLcgERAIurY6QE63bbLuqgP9ATqajFLK5AMQ==",
      "os": [
        "win32"
      ],
      "cpu": [
        "ia32"
      ]
    },
    "@esbuild/win32-x64@0.25.4": {
      "integrity": "sha512-nOT2vZNw6hJ+z43oP1SPea/G/6AbN6X+bGNhNuq8NtRHy4wsMhw765IKLNmnjek7GvjWBYQ8Q5VBoYTFg9y1UQ==",
      "os": [
        "win32"
      ],
      "cpu": [
        "x64"
      ]
    },
    "@esbuild/win32-x64@0.25.5": {
      "integrity": "sha512-TXv6YnJ8ZMVdX+SXWVBo/0p8LTcrUYngpWjvm91TMjjBQii7Oz11Lw5lbDV5Y0TzuhSJHwiH4hEtC1I42mMS0g==",
      "os": [
        "win32"
      ],
      "cpu": [
        "x64"
      ]
    },
    "@ruffle-rs/ruffle@0.1.0-nightly.2025.5.21": {
      "integrity": "sha512-E2jUe8jIIuHJuS2O7r4ev5PAYff3+8lPxDEsG4+uYx+hTaliNq58XhSOZtnJTm4n610lbQSdlG6dT7a95qDQLQ=="
    },
    "autoprefixer@10.4.21_postcss@8.5.4": {
      "integrity": "sha512-O+A6LWV5LDHSJD3LjHYoNi4VLsj/Whi7k6zG12xTYaU4cQ8oxQGckXNX8cRHK5yOZ/ppVHe0ZBXGzSV9jXdVbQ==",
      "dependencies": [
        "browserslist",
        "caniuse-lite",
        "fraction.js",
        "normalize-range",
        "picocolors",
        "postcss",
        "postcss-value-parser"
      ],
      "hasBin": true
    },
    "browserslist@4.25.0": {
      "integrity": "sha512-PJ8gYKeS5e/whHBh8xrwYK+dAvEj7JXtz6uTucnMRB8OiGTsKccFekoRrjajPBHV8oOY+2tI4uxeceSimKwMFA==",
      "dependencies": [
        "caniuse-lite",
        "electron-to-chromium",
        "node-releases",
        "update-browserslist-db"
      ],
      "hasBin": true
    },
    "caniuse-lite@1.0.30001720": {
      "integrity": "sha512-Ec/2yV2nNPwb4DnTANEV99ZWwm3ZWfdlfkQbWSDDt+PsXEVYwlhPH8tdMaPunYTKKmz7AnHi2oNEi1GcmKCD8g=="
    },
    "electron-to-chromium@1.5.161": {
      "integrity": "sha512-hwtetwfKNZo/UlwHIVBlKZVdy7o8bIZxxKs0Mv/ROPiQQQmDgdm5a+KvKtBsxM8ZjFzTaCeLoodZ8jiBE3o9rA=="
    },
    "esbuild@0.25.5": {
      "integrity": "sha512-P8OtKZRv/5J5hhz0cUAdu/cLuPIKXpQl1R9pZtvmHWQvrAUVd0UNIPT4IB4W3rNOqVO0rlqHmCIbSwxh/c9yUQ==",
      "optionalDependencies": [
        "@esbuild/aix-ppc64@0.25.5",
        "@esbuild/android-arm@0.25.5",
        "@esbuild/android-arm64@0.25.5",
        "@esbuild/android-x64@0.25.5",
        "@esbuild/darwin-arm64@0.25.5",
        "@esbuild/darwin-x64@0.25.5",
        "@esbuild/freebsd-arm64@0.25.5",
        "@esbuild/freebsd-x64@0.25.5",
        "@esbuild/linux-arm@0.25.5",
        "@esbuild/linux-arm64@0.25.5",
        "@esbuild/linux-ia32@0.25.5",
        "@esbuild/linux-loong64@0.25.5",
        "@esbuild/linux-mips64el@0.25.5",
        "@esbuild/linux-ppc64@0.25.5",
        "@esbuild/linux-riscv64@0.25.5",
        "@esbuild/linux-s390x@0.25.5",
        "@esbuild/linux-x64@0.25.5",
        "@esbuild/netbsd-arm64@0.25.5",
        "@esbuild/netbsd-x64@0.25.5",
        "@esbuild/openbsd-arm64@0.25.5",
        "@esbuild/openbsd-x64@0.25.5",
        "@esbuild/sunos-x64@0.25.5",
        "@esbuild/win32-arm64@0.25.5",
        "@esbuild/win32-ia32@0.25.5",
        "@esbuild/win32-x64@0.25.5"
      ],
      "hasScripts": true,
      "hasBin": true
    },
    "escalade@3.2.0": {
      "integrity": "sha512-WUj2qlxaQtO4g6Pq5c29GTcWGDyd8itL8zTlipgECz3JesAiiOKotd8JU6otB3PACgG6xkJUyVhboMS+bje/jA=="
    },
    "fraction.js@4.3.7": {
      "integrity": "sha512-ZsDfxO51wGAXREY55a7la9LScWpwv9RxIrYABrlvOFBlH/ShPnrtsXeuUIfXKKOVicNxQ+o8JTbJvjS4M89yew=="
    },
    "nanoid@3.3.11": {
      "integrity": "sha512-N8SpfPUnUp1bK+PMYW8qSWdl9U+wwNWI4QKxOYDy9JAro3WMX7p2OeVRF9v+347pnakNevPmiHhNmZ2HbFA76w==",
      "hasBin": true
    },
    "node-releases@2.0.19": {
      "integrity": "sha512-xxOWJsBKtzAq7DY0J+DTzuz58K8e7sJbdgwkbMWQe8UYB6ekmsQ45q0M/tJDsGaZmbC+l7n57UV8Hl5tHxO9uw=="
    },
    "normalize-range@0.1.2": {
      "integrity": "sha512-bdok/XvKII3nUpklnV6P2hxtMNrCboOjAcyBuQnWEhO665FwrSNRxU+AqpsyvO6LgGYPspN+lu5CLtw4jPRKNA=="
    },
    "picocolors@1.1.1": {
      "integrity": "sha512-xceH2snhtb5M9liqDsmEw56le376mTZkEX/jEb/RxNFyegNul7eNslCXP9FDj/Lcu0X8KEyMceP2ntpaHrDEVA=="
    },
    "postcss-value-parser@4.2.0": {
      "integrity": "sha512-1NNCs6uurfkVbeXG4S8JFT9t19m45ICnif8zWLd5oPSZ50QnwMfK+H3jv408d4jw/7Bttv5axS5IiHoLaVNHeQ=="
    },
    "postcss@8.5.4": {
      "integrity": "sha512-QSa9EBe+uwlGTFmHsPKokv3B/oEMQZxfqW0QqNCyhpa6mB1afzulwn8hihglqAb2pOw+BJgNlmXQ8la2VeHB7w==",
      "dependencies": [
        "nanoid",
        "picocolors",
        "source-map-js"
      ]
    },
    "source-map-js@1.2.1": {
      "integrity": "sha512-UXWMKhLOwVKb728IUtQPXxfYU+usdybtUrK/8uGE8CQMvrhOpwvzDBwj0QhSL7MQc7vIsISBG8VQ8+IDQxpfQA=="
    },
    "update-browserslist-db@1.1.3_browserslist@4.25.0": {
      "integrity": "sha512-UxhIZQ+QInVdunkDAaiazvvT/+fXL5Osr0JZlJulepYu6Jd7qJtDZjlur0emRlT71EN3ScPoE7gvsuIKKNavKw==",
      "dependencies": [
        "browserslist",
        "escalade",
        "picocolors"
      ],
      "hasBin": true
    }
  },
  "workspace": {
    "dependencies": [
      "jsr:@std/cli@^1.0.19",
      "jsr:@std/encoding@^1.0.10",
      "jsr:@std/path@^1.1.0",
      "npm:@ruffle-rs/ruffle@~0.1.0-nightly.2023.8.17",
      "npm:autoprefixer@^10.4.20",
      "npm:esbuild@~0.25.5",
      "npm:postcss@^8.5.4"
    ]
  }
}
