{
    "requires": true,
    "lockfileVersion": 1,
    "dependencies": {
        "ansi-styles": {
            "version": "3.2.1",
            "resolved": "https://registry.npmjs.org/ansi-styles/-/ansi-styles-3.2.1.tgz",
            "integrity": "sha512-VT0ZI6kZRdTh8YyJw3SMbYm/u+NqfsAxEpWO0Pf9sq8/e94WxxOpPKx9FR1FlyCtOVDNOQ+8ntlqFxiRc+r5qA==",
            "dev": true,
            "requires": {
                "color-convert": "^1.9.0"
            }
        },
        "autoprefixer": {
            "version": "9.1.0",
            "resolved": "https://registry.npmjs.org/autoprefixer/-/autoprefixer-9.1.0.tgz",
            "integrity": "sha512-BbAIdxNdptG/x4DiGGfpkDVYyqu4nUyNdBB0Utr49Gn3+0RERV1MdHik2FSbbWwhMAuk1KrfVJHe7nEMheGdBA==",
            "dev": true,
            "requires": {
                "browserslist": "^4.0.1",
                "caniuse-lite": "^1.0.30000872",
                "normalize-range": "^0.1.2",
                "num2fraction": "^1.2.2",
                "postcss": "^7.0.2",
                "postcss-value-parser": "^3.2.3"
            },
            "dependencies": {
                "postcss": {
                    "version": "7.0.35",
                    "resolved": "https://registry.npmjs.org/postcss/-/postcss-7.0.35.tgz",
                    "integrity": "sha512-3QT8bBJeX/S5zKTTjTCIjRF3If4avAT6kqxcASlTWEtAFCb9NH0OUxNDfgZSWdP5fJnBYCMEWkIFfWeugjzYMg==",
                    "dev": true,
                    "requires": {
                        "chalk": "^2.4.2",
                        "source-map": "^0.6.1",
                        "supports-color": "^6.1.0"
                    }
                }
            }
        },
        "browserslist": {
            "version": "4.0.1",
            "resolved": "https://registry.npmjs.org/browserslist/-/browserslist-4.0.1.tgz",
            "integrity": "sha512-QqiiIWchEIkney3wY53/huI7ZErouNAdvOkjorUALAwRcu3tEwOV3Sh6He0DnP38mz1JjBpCBb50jQBmaYuHPw==",
            "dev": true,
            "requires": {
                "caniuse-lite": "^1.0.30000865",
                "electron-to-chromium": "^1.3.52",
                "node-releases": "^1.0.0-alpha.10"
            }
        },
        "caniuse-lite": {
            "version": "1.0.30000874",
            "resolved": "https://registry.npmjs.org/caniuse-lite/-/caniuse-lite-1.0.30000874.tgz",
            "integrity": "sha512-29nr1EPiHwrJTAHHsEmTt2h+55L8j2GNFdAcYPlRy2NX6iFz7ZZiepVI7kP/QqlnHLq3KvfWpbmGa0d063U09w==",
            "dev": true
        },
        "chalk": {
            "version": "2.4.2",
            "resolved": "https://registry.npmjs.org/chalk/-/chalk-2.4.2.tgz",
            "integrity": "sha512-Mti+f9lpJNcwF4tWV8/OrTTtF1gZi+f8FqlyAdouralcFWFQWF2+NgCHShjkCb+IFBLq9buZwE1xckQU4peSuQ==",
            "dev": true,
            "requires": {
                "ansi-styles": "^3.2.1",
                "escape-string-regexp": "^1.0.5",
                "supports-color": "^5.3.0"
            },
            "dependencies": {
                "supports-color": {
                    "version": "5.5.0",
                    "resolved": "https://registry.npmjs.org/supports-color/-/supports-color-5.5.0.tgz",
                    "integrity": "sha512-QjVjwdXIt408MIiAqCX4oUKsgU2EqAGzs2Ppkm4aQYbjm+ZEWEcW4SfFNTr4uMNZma0ey4f5lgLrkB0aX0QMow==",
                    "dev": true,
                    "requires": {
                        "has-flag": "^3.0.0"
                    }
                }
            }
        },
        "color-convert": {
            "version": "1.9.3",
            "resolved": "https://registry.npmjs.org/color-convert/-/color-convert-1.9.3.tgz",
            "integrity": "sha512-QfAUtd+vFdAtFQcC8CCyYt1fYWxSqAiK2cSD6zDB8N3cpsEBAvRxp9zOGg6G/SHHJYAT88/az/IuDGALsNVbGg==",
            "dev": true,
            "requires": {
                "color-name": "1.1.3"
            }
        },
        "color-name": {
            "version": "1.1.3",
            "resolved": "https://registry.npmjs.org/color-name/-/color-name-1.1.3.tgz",
            "integrity": "sha1-p9BVi9icQveV3UIyj3QIMcpTvCU=",
            "dev": true
        },
        "colorette": {
            "version": "1.2.2",
            "resolved": "https://registry.npmjs.org/colorette/-/colorette-1.2.2.tgz",
            "integrity": "sha512-MKGMzyfeuutC/ZJ1cba9NqcNpfeqMUcYmyF1ZFY6/Cn7CNSAKx6a+s48sqLqyAiZuaP2TcqMhoo+dlwFnVxT9w==",
            "dev": true
        },
        "electron-to-chromium": {
            "version": "1.3.55",
            "resolved": "https://registry.npmjs.org/electron-to-chromium/-/electron-to-chromium-1.3.55.tgz",
            "integrity": "sha1-8VDhCyC3fZ1Br8yjEu/gw7Gn/c4=",
            "dev": true
        },
        "escape-string-regexp": {
            "version": "1.0.5",
            "resolved": "https://registry.npmjs.org/escape-string-regexp/-/escape-string-regexp-1.0.5.tgz",
            "integrity": "sha1-G2HAViGQqN/2rjuyzwIAyhMLhtQ=",
            "dev": true
        },
        "has-flag": {
            "version": "3.0.0",
            "resolved": "https://registry.npmjs.org/has-flag/-/has-flag-3.0.0.tgz",
            "integrity": "sha1-tdRU3CGZriJWmfNGfloH87lVuv0=",
            "dev": true
        },
        "nanoid": {
            "version": "3.1.23",
            "resolved": "https://registry.npmjs.org/nanoid/-/nanoid-3.1.23.tgz",
            "integrity": "sha512-FiB0kzdP0FFVGDKlRLEQ1BgDzU87dy5NnzjeW9YZNt+/c3+q82EQDUwniSAUxp/F0gFNI1ZhKU1FqYsMuqZVnw==",
            "dev": true
        },
        "node-releases": {
            "version": "1.0.0-alpha.10",
            "resolved": "https://registry.npmjs.org/node-releases/-/node-releases-1.0.0-alpha.10.tgz",
            "integrity": "sha512-BSQrRgOfN6L/MoKIa7pRUc7dHvflCXMcqyTBvphixcSsgJTuUd24vAFONuNfVsuwTyz28S1HEc9XN6ZKylk4Hg==",
            "dev": true,
            "requires": {
                "semver": "^5.3.0"
            }
        },
        "normalize-range": {
            "version": "0.1.2",
            "resolved": "https://registry.npmjs.org/normalize-range/-/normalize-range-0.1.2.tgz",
            "integrity": "sha1-LRDAa9/TEuqXd2laTShDlFa3WUI=",
            "dev": true
        },
        "num2fraction": {
            "version": "1.2.2",
            "resolved": "https://registry.npmjs.org/num2fraction/-/num2fraction-1.2.2.tgz",
            "integrity": "sha1-b2gragJ6Tp3fpFZM0lidHU5mnt4=",
            "dev": true
        },
        "postcss": {
            "version": "8.2.10",
            "resolved": "https://registry.npmjs.org/postcss/-/postcss-8.2.10.tgz",
            "integrity": "sha512-b/h7CPV7QEdrqIxtAf2j31U5ef05uBDuvoXv6L51Q4rcS1jdlXAVKJv+atCFdUXYl9dyTHGyoMzIepwowRJjFw==",
            "dev": true,
            "requires": {
                "colorette": "^1.2.2",
                "nanoid": "^3.1.22",
                "source-map": "^0.6.1"
            }
        },
        "postcss-value-parser": {
            "version": "3.3.0",
            "resolved": "https://registry.npmjs.org/postcss-value-parser/-/postcss-value-parser-3.3.0.tgz",
            "integrity": "sha1-h/OPnxj3dKSrTIojL1xc6IcqnRU=",
            "dev": true
        },
        "semver": {
            "version": "5.5.0",
            "resolved": "https://registry.npmjs.org/semver/-/semver-5.5.0.tgz",
            "integrity": "sha512-4SJ3dm0WAwWy/NVeioZh5AntkdJoWKxHxcmyP622fOkgHa4z3R0TdBJICINyaSDE6uNwVc8gZr+ZinwZAH4xIA==",
            "dev": true
        },
        "source-map": {
            "version": "0.6.1",
            "resolved": "https://registry.npmjs.org/source-map/-/source-map-0.6.1.tgz",
            "integrity": "sha512-UjgapumWlbMhkBgzT7Ykc5YXUT46F0iKu8SGXq0bcwP5dz/h0Plj6enJqjz1Zbq2l5WaqYnrVbwWOWMyF3F47g==",
            "dev": true
        },
        "supports-color": {
            "version": "6.1.0",
            "resolved": "https://registry.npmjs.org/supports-color/-/supports-color-6.1.0.tgz",
            "integrity": "sha512-qe1jfm1Mg7Nq/NSh6XE24gPXROEVsWHxC1LIx//XNlD9iw7YZQGjZNjYN7xGaEG6iKdA8EtNFW6R0gjnVXp+wQ==",
            "dev": true,
            "requires": {
                "has-flag": "^3.0.0"
            }
        }
    }
}
